{
    "_readme": [
        "This file locks the dependencies of your project to a known state",
        "Read more about it at http://getcomposer.org/doc/01-basic-usage.md#composer-lock-the-lock-file",
        "This file is @generated automatically"
    ],
    "hash": "b11575652efb0331535fecae2eba469f",
    "packages": [
        {
            "name": "endroid/qrcode",
            "version": "dev-master",
            "source": {
                "type": "git",
                "url": "https://github.com/endroid/QrCode.git",
                "reference": "5f799b9991b257d2d5761d7d91538b49e7cb55e8"
            },
            "dist": {
                "type": "zip",
                "url": "https://api.github.com/repos/endroid/QrCode/zipball/5f799b9991b257d2d5761d7d91538b49e7cb55e8",
                "reference": "5f799b9991b257d2d5761d7d91538b49e7cb55e8",
                "shasum": ""
            },
            "require": {
                "ext-gd": "*",
                "php": ">=5.3.0"
            },
            "type": "library",
            "extra": {
                "branch-alias": {
                    "dev-master": "1.x-dev"
                }
            },
            "autoload": {
                "psr-0": {
                    "Endroid": "src/"
                }
            },
            "notification-url": "https://packagist.org/downloads/",
            "license": [
                "MIT"
            ],
            "authors": [
                {
                    "name": "Jeroen van den Enden",
                    "email": "info@endroid.nl",
                    "homepage": "http://endroid.nl/"
                }
            ],
            "description": "Endroid QR Code",
            "homepage": "https://github.com/endroid/QrCode",
            "keywords": [
                "code",
                "endroid",
                "qr",
                "qrcode"
            ],
            "time": "2014-07-02 16:55:26"
        },
        {
            "name": "eventsd/eventsd",
            "version": "dev-master",
            "source": {
                "type": "git",
                "url": "https://github.com/eventsd/libeventsd.git",
                "reference": "cd6a68442ea2afeddc844cc261ac83558a90eb9a"
            },
            "type": "library",
            "autoload": {
                "psr-0": {
                    "Eventsd": "."
                }
            },
            "authors": [
                {
                    "name": "Matthew Baggett",
                    "email": "matthew@fouroneone.us"
                }
            ],
            "description": "Eventsd library",
            "time": "2014-07-08 10:34:21"
        },
        {
            "name": "eventsd/service",
            "version": "dev-master",
            "source": {
                "type": "git",
                "url": "https://github.com/eventsd/eventsd.git",
                "reference": "8713c5f58917c556489af1ca10fc1fdf4d0da6ae"
            },
            "require": {
                "eventsd/eventsd": "dev-master",
                "fouroneone/activerecord": "dev-composer-compatable"
            },
            "type": "library",
            "autoload": {
                "psr-4": {
                    "Eventsd\\": "src/"
                }
            },
            "authors": [
                {
                    "name": "Matthew Baggett",
                    "email": "matthew@baggett.me"
                }
            ],
            "time": "2014-07-08 10:29:07"
        },
        {
            "name": "filp/whoops",
            "version": "1.1.1",
            "source": {
                "type": "git",
                "url": "https://github.com/filp/whoops.git",
                "reference": "ae05259236204ccf904a94e5b0d96df8d4351da5"
            },
            "dist": {
                "type": "zip",
                "url": "https://api.github.com/repos/filp/whoops/zipball/ae05259236204ccf904a94e5b0d96df8d4351da5",
                "reference": "ae05259236204ccf904a94e5b0d96df8d4351da5",
                "shasum": ""
            },
            "require": {
                "php": ">=5.3.0"
            },
            "require-dev": {
                "mockery/mockery": "0.9.*"
            },
            "type": "library",
            "extra": {
                "branch-alias": {
                    "dev-master": "1.2-dev"
                }
            },
            "autoload": {
                "psr-0": {
                    "Whoops": "src/"
                },
                "classmap": [
                    "src/deprecated"
                ]
            },
            "notification-url": "https://packagist.org/downloads/",
            "license": [
                "MIT"
            ],
            "authors": [
                {
                    "name": "Filipe Dobreira",
                    "homepage": "https://github.com/filp",
                    "role": "Developer"
                }
            ],
            "description": "php error handling for cool kids",
            "homepage": "https://github.com/filp/whoops",
            "keywords": [
                "error",
                "exception",
                "handling",
                "library",
                "silex-provider",
                "whoops",
                "zf2"
            ],
            "time": "2014-05-13 05:05:11"
        },
        {
            "name": "fouroneone/activerecord",
            "version": "dev-composer-compatable",
            "target-dir": "FourOneOne/ActiveRecord",
            "source": {
                "type": "git",
                "url": "https://github.com/FourOneOne/ActiveRecord.git",
                "reference": "96cb8d98dd595b0ded8a30cf01f5cab8b9604dfd"
            },
            "type": "library",
            "autoload": {
                "psr-0": {
                    "FourOneOne\\ActiveRecord\\": ""
                }
            },
            "authors": [
                {
                    "name": "Matthew Baggett",
                    "email": "matthew@fouroneone.us"
                }
            ],
            "description": "An active-record like implementation",
            "time": "2014-07-08 10:29:09"
        },
        {
            "name": "fouroneone/session",
            "version": "dev-master",
            "target-dir": "FourOneOne/Session",
            "source": {
                "type": "git",
                "url": "https://github.com/matthewbaggett/Session.git",
                "reference": "f58828916f031b835f43e17669560b7df8ad12f1"
            },
            "dist": {
                "type": "zip",
                "url": "https://api.github.com/repos/matthewbaggett/Session/zipball/f58828916f031b835f43e17669560b7df8ad12f1",
                "reference": "f58828916f031b835f43e17669560b7df8ad12f1",
                "shasum": ""
            },
            "type": "library",
            "autoload": {
                "psr-0": {
                    "FourOneOne\\Session\\": ""
                }
            },
            "notification-url": "https://packagist.org/downloads/",
            "authors": [
                {
                    "name": "Matthew Baggett",
                    "email": "matthew@fouroneone.us"
                }
            ],
            "description": "Sessions handler",
            "time": "2013-12-28 03:10:57"
        },
        {
            "name": "fouroneone/translation",
            "version": "dev-master",
            "target-dir": "FourOneOne/Translation",
            "source": {
                "type": "git",
                "url": "https://github.com/FourOneOne/Translation.git",
                "reference": "6d8beec860a677805df7eefd529f14f203a30305"
            },
            "dist": {
                "type": "zip",
                "url": "https://api.github.com/repos/FourOneOne/Translation/zipball/6d8beec860a677805df7eefd529f14f203a30305",
                "reference": "6d8beec860a677805df7eefd529f14f203a30305",
                "shasum": ""
            },
            "require": {
                "fouroneone/activerecord": "dev-composer-compatable"
            },
            "type": "library",
            "autoload": {
                "psr-0": {
                    "FourOneOne\\Translation\\": ""
                }
            },
            "notification-url": "https://packagist.org/downloads/",
            "authors": [
                {
                    "name": "Matthew Baggett",
                    "email": "matthew@fouroneone.us"
                }
            ],
            "description": "Support multi-lingual in YOUR application! :D",
            "time": "2013-11-25 11:32:10"
        },
        {
            "name": "google/apiclient",
            "version": "dev-master",
            "source": {
                "type": "git",
                "url": "https://github.com/google/google-api-php-client.git",
                "reference": "e2090308ff327007ccb0afe6e80894b4f45e7ab6"
            },
            "dist": {
                "type": "zip",
                "url": "https://api.github.com/repos/google/google-api-php-client/zipball/e2090308ff327007ccb0afe6e80894b4f45e7ab6",
                "reference": "e2090308ff327007ccb0afe6e80894b4f45e7ab6",
                "shasum": ""
            },
            "require": {
                "php": ">=5.2.1"
            },
            "require-dev": {
                "phpunit/phpunit": "3.7.*"
            },
            "type": "library",
            "extra": {
                "branch-alias": {
                    "dev-master": "1.0.x-dev"
                }
            },
            "autoload": {
                "classmap": [
                    "src/"
                ]
            },
            "notification-url": "https://packagist.org/downloads/",
            "include-path": [
                "src/"
            ],
            "license": [
                "Apache-2.0"
            ],
            "description": "Client library for Google APIs",
            "homepage": "http://developers.google.com/api-client-library/php",
            "keywords": [
                "google"
            ],
            "time": "2014-07-04 07:32:47"
        },
        {
            "name": "guzzlehttp/guzzle",
            "version": "4.1.2",
            "source": {
                "type": "git",
                "url": "https://github.com/guzzle/guzzle.git",
                "reference": "095cf4db559bebc78d967890eb93280d8ceb5a08"
            },
            "dist": {
                "type": "zip",
                "url": "https://api.github.com/repos/guzzle/guzzle/zipball/095cf4db559bebc78d967890eb93280d8ceb5a08",
                "reference": "095cf4db559bebc78d967890eb93280d8ceb5a08",
                "shasum": ""
            },
            "require": {
                "ext-json": "*",
                "guzzlehttp/streams": "~1.0",
                "php": ">=5.4.0"
            },
            "require-dev": {
                "ext-curl": "*",
                "phpunit/phpunit": "~4.0",
                "psr/log": "~1.0"
            },
            "suggest": {
                "ext-curl": "Guzzle will use specific adapters if cURL is present"
            },
            "type": "library",
            "extra": {
                "branch-alias": {
                    "dev-master": "4.1.x-dev"
                }
            },
            "autoload": {
                "psr-4": {
                    "GuzzleHttp\\": "src/"
                },
                "files": [
                    "src/functions.php"
                ]
            },
            "notification-url": "https://packagist.org/downloads/",
            "license": [
                "MIT"
            ],
            "authors": [
                {
                    "name": "Michael Dowling",
                    "email": "mtdowling@gmail.com",
                    "homepage": "https://github.com/mtdowling"
                }
            ],
            "description": "Guzzle is a PHP HTTP client library and framework for building RESTful web service clients",
            "homepage": "http://guzzlephp.org/",
            "keywords": [
                "client",
                "curl",
                "framework",
                "http",
                "http client",
                "rest",
                "web service"
            ],
            "time": "2014-06-18 18:22:41"
        },
        {
            "name": "guzzlehttp/streams",
            "version": "1.1.0",
            "source": {
                "type": "git",
                "url": "https://github.com/guzzle/streams.git",
                "reference": "cf0c8c33ca95cc147efba4c714f630ee44767180"
            },
            "dist": {
                "type": "zip",
                "url": "https://api.github.com/repos/guzzle/streams/zipball/cf0c8c33ca95cc147efba4c714f630ee44767180",
                "reference": "cf0c8c33ca95cc147efba4c714f630ee44767180",
                "shasum": ""
            },
            "require": {
                "php": ">=5.4.0"
            },
            "require-dev": {
                "phpunit/phpunit": "~4.0"
            },
            "type": "library",
            "extra": {
                "branch-alias": {
                    "dev-master": "1.0.x-dev"
                }
            },
            "autoload": {
                "psr-4": {
                    "GuzzleHttp\\Stream\\": "src/"
                },
                "files": [
                    "src/functions.php"
                ]
            },
            "notification-url": "https://packagist.org/downloads/",
            "license": [
                "MIT"
            ],
            "authors": [
                {
                    "name": "Michael Dowling",
                    "email": "mtdowling@gmail.com",
                    "homepage": "https://github.com/mtdowling"
                }
            ],
            "description": "Provides a simple abstraction over streams of data (Guzzle 4+)",
            "homepage": "http://guzzlephp.org/",
            "keywords": [
                "Guzzle",
                "stream"
            ],
            "time": "2014-04-03 04:48:24"
        },
        {
            "name": "predis/predis",
            "version": "dev-master",
            "source": {
                "type": "git",
                "url": "https://github.com/nrk/predis.git",
                "reference": "235427950f1a280867d3667213e4a4cd23f19fe0"
            },
            "dist": {
                "type": "zip",
                "url": "https://api.github.com/repos/nrk/predis/zipball/235427950f1a280867d3667213e4a4cd23f19fe0",
                "reference": "235427950f1a280867d3667213e4a4cd23f19fe0",
                "shasum": ""
            },
            "require": {
                "php": ">=5.3.2"
            },
            "require-dev": {
                "phpunit/phpunit": "~4.0"
            },
            "suggest": {
                "ext-curl": "Allows access to Webdis when paired with phpiredis",
                "ext-phpiredis": "Allows faster serialization and deserialization of the Redis protocol"
            },
            "type": "library",
            "extra": {
                "branch-alias": {
                    "dev-master": "1.0-dev"
                }
            },
            "autoload": {
                "psr-0": {
                    "Predis": "lib/"
                }
            },
            "notification-url": "https://packagist.org/downloads/",
            "license": [
                "MIT"
            ],
            "authors": [
                {
                    "name": "Daniele Alessandri",
                    "email": "suppakilla@gmail.com",
                    "homepage": "http://clorophilla.net"
                }
            ],
            "description": "Flexible and feature-complete PHP client library for Redis",
            "homepage": "http://github.com/nrk/predis",
            "keywords": [
                "nosql",
                "predis",
                "redis"
            ],
            "time": "2014-07-07 09:50:37"
        },
        {
            "name": "psr/log",
            "version": "1.0.0",
            "source": {
                "type": "git",
                "url": "https://github.com/php-fig/log.git",
                "reference": "fe0936ee26643249e916849d48e3a51d5f5e278b"
            },
            "dist": {
                "type": "zip",
                "url": "https://api.github.com/repos/php-fig/log/zipball/fe0936ee26643249e916849d48e3a51d5f5e278b",
                "reference": "fe0936ee26643249e916849d48e3a51d5f5e278b",
                "shasum": ""
            },
            "type": "library",
            "autoload": {
                "psr-0": {
                    "Psr\\Log\\": ""
                }
            },
            "notification-url": "https://packagist.org/downloads/",
            "license": [
                "MIT"
            ],
            "authors": [
                {
                    "name": "PHP-FIG",
                    "homepage": "http://www.php-fig.org/"
                }
            ],
            "description": "Common interface for logging libraries",
            "keywords": [
                "log",
                "psr",
                "psr-3"
            ],
            "time": "2012-12-21 11:40:51"
        },
        {
            "name": "raveren/kint",
            "version": "dev-master",
            "source": {
                "type": "git",
                "url": "https://github.com/raveren/kint.git",
                "reference": "590e3fcc3fd4234a8d5e844ce783c82464401d7f"
            },
            "dist": {
                "type": "zip",
                "url": "https://api.github.com/repos/raveren/kint/zipball/590e3fcc3fd4234a8d5e844ce783c82464401d7f",
                "reference": "590e3fcc3fd4234a8d5e844ce783c82464401d7f",
                "shasum": ""
            },
            "require": {
                "php": ">=5.2.0"
            },
            "type": "library",
            "autoload": {
                "files": [
                    "Kint.class.php"
                ]
            },
            "notification-url": "https://packagist.org/downloads/",
            "license": [
                "MIT"
            ],
            "authors": [
                {
                    "name": "Rokas Šleinius",
                    "homepage": "https://github.com/raveren"
                },
                {
                    "name": "Contributors",
                    "homepage": "https://github.com/raveren/kint/contributors"
                }
            ],
            "description": "Kint - debugging helper for PHP developers",
            "homepage": "https://github.com/raveren/kint",
            "keywords": [
                "debug",
                "kint",
                "php"
            ],
            "time": "2014-03-20 13:38:44"
        },
        {
            "name": "react/event-loop",
            "version": "v0.4.1",
            "source": {
                "type": "git",
                "url": "https://github.com/reactphp/event-loop.git",
                "reference": "18c5297087ca01de85518e2b55078f444144aa1b"
            },
            "dist": {
                "type": "zip",
                "url": "https://api.github.com/repos/reactphp/event-loop/zipball/18c5297087ca01de85518e2b55078f444144aa1b",
                "reference": "18c5297087ca01de85518e2b55078f444144aa1b",
                "shasum": ""
            },
            "require": {
                "php": ">=5.4.0"
            },
            "suggest": {
                "ext-event": "~1.0",
                "ext-libev": "*",
                "ext-libevent": ">=0.1.0"
            },
            "type": "library",
            "extra": {
                "branch-alias": {
                    "dev-master": "0.4-dev"
                }
            },
            "autoload": {
                "psr-4": {
                    "React\\EventLoop\\": ""
                }
            },
            "notification-url": "https://packagist.org/downloads/",
            "license": [
                "MIT"
            ],
            "description": "Event loop abstraction layer that libraries can use for evented I/O.",
            "keywords": [
                "event-loop"
            ],
            "time": "2014-02-26 17:36:58"
        },
        {
            "name": "sinergi/gearman",
            "version": "dev-master",
            "source": {
                "type": "git",
                "url": "https://github.com/sinergi/gearman.git",
                "reference": "57ce2938b9061c152a44272f4f0a330f715535eb"
            },
            "dist": {
                "type": "zip",
                "url": "https://api.github.com/repos/sinergi/gearman/zipball/57ce2938b9061c152a44272f4f0a330f715535eb",
                "reference": "57ce2938b9061c152a44272f4f0a330f715535eb",
                "shasum": ""
            },
            "require": {
                "php": ">=5.4.0",
                "psr/log": "~1",
                "react/event-loop": "0.4.*",
                "symfony/console": "2.*"
            },
            "require-dev": {
                "phpunit/phpunit": "~4"
            },
            "suggest": {
                "ext-gearman": "This library needs Gearman"
            },
            "bin": [
                "bin/gearman",
                "bin/gearman.php"
            ],
            "type": "library",
            "autoload": {
                "psr-4": {
                    "Sinergi\\Gearman\\": "src/Gearman"
                }
            },
            "notification-url": "https://packagist.org/downloads/",
            "license": [
                "MIT"
            ],
            "authors": [
                {
                    "name": "Gabriel Bull",
                    "email": "me@gabrielbull.com",
                    "homepage": "http://gabrielbull.com/"
                }
            ],
            "description": "PHP library for dispatching, handling and managing Gearman Workers",
            "homepage": "https://github.com/sinergi/gearman",
            "keywords": [
                "Tasks",
                "daemon",
                "gearman",
                "jobs",
                "workers"
            ],
            "time": "2014-07-02 23:55:04"
        },
        {
            "name": "slim/slim",
            "version": "2.4.3",
            "source": {
                "type": "git",
                "url": "https://github.com/codeguy/Slim.git",
                "reference": "4906b77a07c7bd6ff1a99aea903e940a2d4fa106"
            },
            "dist": {
                "type": "zip",
                "url": "https://api.github.com/repos/codeguy/Slim/zipball/4906b77a07c7bd6ff1a99aea903e940a2d4fa106",
                "reference": "4906b77a07c7bd6ff1a99aea903e940a2d4fa106",
                "shasum": ""
            },
            "require": {
                "php": ">=5.3.0"
            },
            "suggest": {
                "ext-mcrypt": "Required for HTTP cookie encryption"
            },
            "type": "library",
            "autoload": {
                "psr-0": {
                    "Slim": "."
                }
            },
            "notification-url": "https://packagist.org/downloads/",
            "license": [
                "MIT"
            ],
            "authors": [
                {
                    "name": "Josh Lockhart",
                    "email": "info@joshlockhart.com",
                    "homepage": "http://www.joshlockhart.com/"
                }
            ],
            "description": "Slim Framework, a PHP micro framework",
            "homepage": "http://github.com/codeguy/Slim",
            "keywords": [
                "microframework",
                "rest",
                "router"
            ],
            "time": "2014-04-05 18:33:59"
        },
        {
            "name": "swiftmailer/swiftmailer",
            "version": "v5.2.1",
            "source": {
                "type": "git",
                "url": "https://github.com/swiftmailer/swiftmailer.git",
                "reference": "2b9af56cc676c338d52fca4c657e5bdff73bb7af"
            },
            "dist": {
                "type": "zip",
                "url": "https://api.github.com/repos/swiftmailer/swiftmailer/zipball/2b9af56cc676c338d52fca4c657e5bdff73bb7af",
                "reference": "2b9af56cc676c338d52fca4c657e5bdff73bb7af",
                "shasum": ""
            },
            "require": {
                "php": ">=5.2.4"
            },
            "require-dev": {
                "mockery/mockery": "~0.9.1"
            },
            "type": "library",
            "extra": {
                "branch-alias": {
                    "dev-master": "5.2-dev"
                }
            },
            "autoload": {
                "files": [
                    "lib/swift_required.php"
                ]
            },
            "notification-url": "https://packagist.org/downloads/",
            "license": [
                "MIT"
            ],
            "authors": [
                {
                    "name": "Fabien Potencier",
                    "email": "fabien@symfony.com",
                    "homepage": "http://fabien.potencier.org",
                    "role": "Lead Developer"
                },
                {
                    "name": "Chris Corbyn"
                }
            ],
            "description": "Swiftmailer, free feature-rich PHP mailer",
            "homepage": "http://swiftmailer.org",
            "keywords": [
                "mail",
                "mailer"
            ],
            "time": "2014-06-13 11:44:54"
        },
        {
            "name": "symfony/console",
            "version": "v2.5.0",
            "target-dir": "Symfony/Component/Console",
            "source": {
                "type": "git",
                "url": "https://github.com/symfony/Console.git",
                "reference": "ef4ca73b0b3a10cbac653d3ca482d0cdd4502b2c"
            },
            "dist": {
                "type": "zip",
                "url": "https://api.github.com/repos/symfony/Console/zipball/ef4ca73b0b3a10cbac653d3ca482d0cdd4502b2c",
                "reference": "ef4ca73b0b3a10cbac653d3ca482d0cdd4502b2c",
                "shasum": ""
            },
            "require": {
                "php": ">=5.3.3"
            },
            "require-dev": {
                "psr/log": "~1.0",
                "symfony/event-dispatcher": "~2.1"
            },
            "suggest": {
                "psr/log": "For using the console logger",
                "symfony/event-dispatcher": ""
            },
            "type": "library",
            "extra": {
                "branch-alias": {
                    "dev-master": "2.5-dev"
                }
            },
            "autoload": {
                "psr-0": {
                    "Symfony\\Component\\Console\\": ""
                }
            },
            "notification-url": "https://packagist.org/downloads/",
            "license": [
                "MIT"
            ],
            "authors": [
                {
                    "name": "Fabien Potencier",
                    "email": "fabien@symfony.com",
                    "homepage": "http://fabien.potencier.org",
                    "role": "Lead Developer"
                },
                {
                    "name": "Symfony Community",
                    "homepage": "http://symfony.com/contributors"
                }
            ],
            "description": "Symfony Console Component",
            "homepage": "http://symfony.com",
            "time": "2014-05-22 08:54:24"
        },
        {
            "name": "thetwelvelabs/foursquare",
            "version": "dev-master",
            "source": {
                "type": "git",
                "url": "https://github.com/chriswoodford/foursquare-php.git",
                "reference": "9273f793f2c4c8b862c8892862865551e869c5cc"
            },
            "dist": {
                "type": "zip",
                "url": "https://api.github.com/repos/chriswoodford/foursquare-php/zipball/9273f793f2c4c8b862c8892862865551e869c5cc",
                "reference": "9273f793f2c4c8b862c8892862865551e869c5cc",
                "shasum": ""
            },
            "require": {
                "ext-curl": "*",
                "php": ">=5.3.3"
            },
            "require-dev": {
                "haxx-se/curl": "1.0.0",
                "kriswallsmith/buzz": "0.7.*",
                "symfony/http-foundation": "2.2.*"
            },
            "suggest": {
                "kriswallsmith/buzz": "Use Buzz for HTTP Requests",
                "symfony/http-foundation": "Use Symfony for HTTP Requests and/or Redirects"
            },
            "type": "library",
            "autoload": {
                "psr-0": {
                    "TheTwelve\\Foursquare\\": "lib"
                }
            },
            "notification-url": "https://packagist.org/downloads/",
            "license": [
                "MIT"
            ],
            "authors": [
                {
                    "name": "Chris Woodford",
                    "email": "chris.woodford@gmail.com",
                    "homepage": "http://ideaphp.com",
                    "role": "Developer"
                }
            ],
            "description": "Foursquare API Client",
            "homepage": "http://thetwelvelabs.com",
            "keywords": [
                "foursquare"
            ],
            "time": "2014-01-07 01:49:29"
        },
        {
            "name": "wisembly/elephant.io",
            "version": "dev-master",
            "source": {
                "type": "git",
                "url": "https://github.com/Wisembly/elephant.io.git",
                "reference": "f52135c217cb26d9f9f51952aac452b92de455be"
            },
            "dist": {
                "type": "zip",
                "url": "https://api.github.com/repos/Wisembly/elephant.io/zipball/f52135c217cb26d9f9f51952aac452b92de455be",
                "reference": "f52135c217cb26d9f9f51952aac452b92de455be",
                "shasum": ""
            },
            "require": {
                "php": ">=5.3.0"
            },
            "type": "lib",
            "autoload": {
                "psr-0": {
                    "ElephantIO": "lib/"
                }
            },
            "notification-url": "https://packagist.org/downloads/",
            "license": [
                "MIT"
            ],
            "authors": [
                {
                    "name": "Ludovic Barreca"
                }
            ],
            "description": "Send events to socket.io though PHP",
            "keywords": [
                "Socket.io",
                "nodejs",
                "websocket"
            ],
            "time": "2014-06-11 19:55:01"
        },
        {
            "name": "zeuxisoo/slim-whoops",
            "version": "dev-master",
            "source": {
                "type": "git",
                "url": "https://github.com/zeuxisoo/php-slim-whoops.git",
                "reference": "189d6f8907e0f78d18513bb14897a91dd68a423f"
            },
            "dist": {
                "type": "zip",
                "url": "https://api.github.com/repos/zeuxisoo/php-slim-whoops/zipball/189d6f8907e0f78d18513bb14897a91dd68a423f",
                "reference": "189d6f8907e0f78d18513bb14897a91dd68a423f",
                "shasum": ""
            },
            "require": {
                "php": ">=5.3.0"
            },
            "require-dev": {
                "filp/whoops": "1.*",
                "phpunit/phpunit": "3.7.*@dev",
                "slim/slim": "2.*"
            },
            "type": "library",
            "autoload": {
                "psr-0": {
                    "Zeuxisoo\\Whoops\\Provider\\Slim\\WhoopsMiddleware": "src/"
                }
            },
            "notification-url": "https://packagist.org/downloads/",
            "license": [
                "BSD-2-Clause"
            ],
            "authors": [
                {
                    "name": "Zeuxis Lo",
                    "email": "seekstudio@gmail.com",
                    "homepage": "http://www.chair.im/",
                    "role": "Developer"
                }
            ],
            "description": "PHP whoops error on slim framework",
            "homepage": "https://github.com/zeuxisoo/php-slim-whoops/",
            "keywords": [
                "error",
                "exception",
                "slim",
                "whoops"
            ],
            "time": "2014-04-02 04:57:23"
        }
    ],
    "packages-dev": [

    ],
    "aliases": [

    ],
    "minimum-stability": "stable",
    "stability-flags": {
        "zeuxisoo/slim-whoops": 20,
        "fouroneone/activerecord": 20,
        "fouroneone/translation": 20,
        "fouroneone/session": 20,
        "endroid/qrcode": 20,
        "raveren/kint": 20,
        "eventsd/eventsd": 20,
        "eventsd/service": 20,
        "wisembly/elephant.io": 20,
        "google/apiclient": 20,
        "thetwelvelabs/foursquare": 20,
        "sinergi/gearman": 20,
        "predis/predis": 20
    },
    "platform": [

    ],
    "platform-dev": [

    ]
}
